
Microsoft Visual Studio Solution File, Format Version 12.00
# Visual Studio 15
VisualStudioVersion = 15.0.28307.1267
MinimumVisualStudioVersion = 10.0.40219.1
Project("{8BC9CEB8-8B4A-11D0-8D11-00A0C91BC942}") = "Repair", "Repair\Repair.vcxproj", "{DD176A2B-215A-44E2-AF18-13FDB4B5250C}"
EndProject
Global
	GlobalSection(SolutionConfigurationPlatforms) = preSolution
		Debug|x64 = Debug|x64
		Debug|x86 = Debug|x86
		Release|x64 = Release|x64
		Release|x86 = Release|x86
	EndGlobalSection
	GlobalSection(ProjectConfigurationPlatforms) = postSolution
		{DD176A2B-215A-44E2-AF18-13FDB4B5250C}.Debug|x64.ActiveCfg = Debug|x64
		{DD176A2B-215A-44E2-AF18-13FDB4B5250C}.Debug|x64.Build.0 = Debug|x64
		{DD176A2B-215A-44E2-AF18-13FDB4B5250C}.Debug|x86.ActiveCfg = Debug|Win32
		{DD176A2B-215A-44E2-AF18-13FDB4B5250C}.Debug|x86.Build.0 = Debug|Win32
		{DD176A2B-215A-44E2-AF18-13FDB4B5250C}.Release|x64.ActiveCfg = Release|x64
		{DD176A2B-215A-44E2-AF18-13FDB4B5250C}.Release|x64.Build.0 = Release|x64
		{DD176A2B-215A-44E2-AF18-13FDB4B5250C}.Release|x86.ActiveCfg = Release|Win32
		{DD176A2B-215A-44E2-AF18-13FDB4B5250C}.Release|x86.Build.0 = Release|Win32
	EndGlobalSection
	GlobalSection(SolutionProperties) = preSolution
		HideSolutionNode = FALSE
	EndGlobalSection
	GlobalSection(ExtensibilityGlobals) = postSolution
		SolutionGuid = {20AAE7C2-055F-4C2A-817A-E07808CAC601}
	EndGlobalSection
EndGlobal
